// !$*UTF8*$!
{
	archiveVersion = 1;
	classes = {
	};
	objectVersion = 46;
	objects = {

/* Begin PBXBuildFile section */
		02DD10118CA54D984DB1B059 /* Pods_Spruce_Example_Tests.framework in Frameworks */ = {isa = PBXBuildFile; fileRef = EAE055DACABD01C7D5403864 /* Pods_Spruce_Example_Tests.framework */; };
		321671381E0C75F8003E6A0B /* SortFunctionTestViewController.swift in Sources */ = {isa = PBXBuildFile; fileRef = 321671371E0C75F8003E6A0B /* SortFunctionTestViewController.swift */; };
		3216713A1E0C760F003E6A0B /* SortFunctionTestViewController.storyboard in Resources */ = {isa = PBXBuildFile; fileRef = 321671391E0C760F003E6A0B /* SortFunctionTestViewController.storyboard */; };
		607FACD61AFB9204008FA782 /* AppDelegate.swift in Sources */ = {isa = PBXBuildFile; fileRef = 607FACD51AFB9204008FA782 /* AppDelegate.swift */; };
		607FACDD1AFB9204008FA782 /* Images.xcassets in Resources */ = {isa = PBXBuildFile; fileRef = 607FACDC1AFB9204008FA782 /* Images.xcassets */; };
		607FACE01AFB9204008FA782 /* LaunchScreen.xib in Resources */ = {isa = PBXBuildFile; fileRef = 607FACDE1AFB9204008FA782 /* LaunchScreen.xib */; };
		607FACEC1AFB9204008FA782 /* Tests.swift in Sources */ = {isa = PBXBuildFile; fileRef = 607FACEB1AFB9204008FA782 /* Tests.swift */; };
		7DA90D04C29AC4C87FBBEACC /* Pods_Spruce_Example_Example.framework in Frameworks */ = {isa = PBXBuildFile; fileRef = B2337110612396DB2F78BDF5 /* Pods_Spruce_Example_Example.framework */; };
		DB288B831E64860C0038B13E /* SpruceTableViewControllerExample.swift in Sources */ = {isa = PBXBuildFile; fileRef = DB288B821E64860C0038B13E /* SpruceTableViewControllerExample.swift */; };
		DB288B851E64861D0038B13E /* ExampleTableViewCells.swift in Sources */ = {isa = PBXBuildFile; fileRef = DB288B841E64861D0038B13E /* ExampleTableViewCells.swift */; };
		DB288B881E64863B0038B13E /* SpruceTableViewControllerExample.xib in Resources */ = {isa = PBXBuildFile; fileRef = DB288B871E64863B0038B13E /* SpruceTableViewControllerExample.xib */; };
		DB288B8A1E64864B0038B13E /* BaseExampleTableViewCell.xib in Resources */ = {isa = PBXBuildFile; fileRef = DB288B891E64864B0038B13E /* BaseExampleTableViewCell.xib */; };
		DB288B8C1E64A67B0038B13E /* ImageExampleTableViewCell.xib in Resources */ = {isa = PBXBuildFile; fileRef = DB288B8B1E64A67B0038B13E /* ImageExampleTableViewCell.xib */; };
		DB288B8F1E64D49A0038B13E /* SpruceCollectionViewExample.swift in Sources */ = {isa = PBXBuildFile; fileRef = DB288B8E1E64D49A0038B13E /* SpruceCollectionViewExample.swift */; };
		DB288B911E65BC370038B13E /* BaseExampleCollectionViewCell.xib in Resources */ = {isa = PBXBuildFile; fileRef = DB288B901E65BC370038B13E /* BaseExampleCollectionViewCell.xib */; };
		DB288B941E65BD530038B13E /* BaseExampleCollectionViewCell.swift in Sources */ = {isa = PBXBuildFile; fileRef = DB288B931E65BD530038B13E /* BaseExampleCollectionViewCell.swift */; };
		DB288B961E65BD8F0038B13E /* SpruceCollectionViewExample.xib in Resources */ = {isa = PBXBuildFile; fileRef = DB288B951E65BD8F0038B13E /* SpruceCollectionViewExample.xib */; };
		DB288B9C1E65E1220038B13E /* ExampleViewController.swift in Sources */ = {isa = PBXBuildFile; fileRef = DB288B9B1E65E1220038B13E /* ExampleViewController.swift */; };
		DB9357EE1DFB026400ADC5BE /* CustomAnimationViewController.swift in Sources */ = {isa = PBXBuildFile; fileRef = DB9357E51DFB026400ADC5BE /* CustomAnimationViewController.swift */; };
		DBA608D41E3267B9006207C9 /* Theme.swift in Sources */ = {isa = PBXBuildFile; fileRef = DBA608D31E3267B9006207C9 /* Theme.swift */; };
		DBFA709C1E5F39AE000CF1DB /* ExampleCodeGenerator.swift in Sources */ = {isa = PBXBuildFile; fileRef = DBFA709B1E5F39AE000CF1DB /* ExampleCodeGenerator.swift */; };
/* End PBXBuildFile section */

/* Begin PBXContainerItemProxy section */
		607FACE61AFB9204008FA782 /* PBXContainerItemProxy */ = {
			isa = PBXContainerItemProxy;
			containerPortal = 607FACC81AFB9204008FA782 /* Project object */;
			proxyType = 1;
			remoteGlobalIDString = 607FACCF1AFB9204008FA782;
			remoteInfo = Spruce;
		};
/* End PBXContainerItemProxy section */

/* Begin PBXFileReference section */
		180431F59A6BB6C1511A5258 /* Pods-Spruce_Example.release.xcconfig */ = {isa = PBXFileReference; includeInIndex = 1; lastKnownFileType = text.xcconfig; name = "Pods-Spruce_Example.release.xcconfig"; path = "Pods/Target Support Files/Pods-Spruce_Example/Pods-Spruce_Example.release.xcconfig"; sourceTree = "<group>"; };
		1A7230AE9B3F14A5CD036320 /* README.md */ = {isa = PBXFileReference; includeInIndex = 1; lastKnownFileType = net.daringfireball.markdown; name = README.md; path = ../README.md; sourceTree = "<group>"; };
		321671371E0C75F8003E6A0B /* SortFunctionTestViewController.swift */ = {isa = PBXFileReference; fileEncoding = 4; lastKnownFileType = sourcecode.swift; path = SortFunctionTestViewController.swift; sourceTree = "<group>"; };
		321671391E0C760F003E6A0B /* SortFunctionTestViewController.storyboard */ = {isa = PBXFileReference; fileEncoding = 4; lastKnownFileType = file.storyboard; path = SortFunctionTestViewController.storyboard; sourceTree = "<group>"; };
		33D8FDE93C9D1B53FDC1D032 /* Pods-Spruce-Example_Tests.release.xcconfig */ = {isa = PBXFileReference; includeInIndex = 1; lastKnownFileType = text.xcconfig; name = "Pods-Spruce-Example_Tests.release.xcconfig"; path = "Pods/Target Support Files/Pods-Spruce-Example_Tests/Pods-Spruce-Example_Tests.release.xcconfig"; sourceTree = "<group>"; };
		39ACE0E6A7B32E6E64060E60 /* Pods-Spruce-Example_Example.release.xcconfig */ = {isa = PBXFileReference; includeInIndex = 1; lastKnownFileType = text.xcconfig; name = "Pods-Spruce-Example_Example.release.xcconfig"; path = "Pods/Target Support Files/Pods-Spruce-Example_Example/Pods-Spruce-Example_Example.release.xcconfig"; sourceTree = "<group>"; };
		607FACD01AFB9204008FA782 /* Spruce-Example_Example.app */ = {isa = PBXFileReference; explicitFileType = wrapper.application; includeInIndex = 0; path = "Spruce-Example_Example.app"; sourceTree = BUILT_PRODUCTS_DIR; };
		607FACD41AFB9204008FA782 /* Info.plist */ = {isa = PBXFileReference; lastKnownFileType = text.plist.xml; path = Info.plist; sourceTree = "<group>"; };
		607FACD51AFB9204008FA782 /* AppDelegate.swift */ = {isa = PBXFileReference; lastKnownFileType = sourcecode.swift; path = AppDelegate.swift; sourceTree = "<group>"; };
		607FACDC1AFB9204008FA782 /* Images.xcassets */ = {isa = PBXFileReference; lastKnownFileType = folder.assetcatalog; path = Images.xcassets; sourceTree = "<group>"; };
		607FACDF1AFB9204008FA782 /* Base */ = {isa = PBXFileReference; lastKnownFileType = file.xib; name = Base; path = Base.lproj/LaunchScreen.xib; sourceTree = "<group>"; };
		607FACE51AFB9204008FA782 /* Spruce-Example_Tests.xctest */ = {isa = PBXFileReference; explicitFileType = wrapper.cfbundle; includeInIndex = 0; path = "Spruce-Example_Tests.xctest"; sourceTree = BUILT_PRODUCTS_DIR; };
		607FACEA1AFB9204008FA782 /* Info.plist */ = {isa = PBXFileReference; lastKnownFileType = text.plist.xml; path = Info.plist; sourceTree = "<group>"; };
		607FACEB1AFB9204008FA782 /* Tests.swift */ = {isa = PBXFileReference; lastKnownFileType = sourcecode.swift; path = Tests.swift; sourceTree = "<group>"; };
		6C04A6F7ABEF198F183B1617 /* Pods-Spruce_Tests.debug.xcconfig */ = {isa = PBXFileReference; includeInIndex = 1; lastKnownFileType = text.xcconfig; name = "Pods-Spruce_Tests.debug.xcconfig"; path = "Pods/Target Support Files/Pods-Spruce_Tests/Pods-Spruce_Tests.debug.xcconfig"; sourceTree = "<group>"; };
		6FCD75E68B76D05C1368631A /* Spruce.podspec */ = {isa = PBXFileReference; includeInIndex = 1; lastKnownFileType = text; name = Spruce.podspec; path = ../Spruce.podspec; sourceTree = "<group>"; };
		763FD0B1F1E8374A748D0636 /* Pods-Spruce_Tests.release.xcconfig */ = {isa = PBXFileReference; includeInIndex = 1; lastKnownFileType = text.xcconfig; name = "Pods-Spruce_Tests.release.xcconfig"; path = "Pods/Target Support Files/Pods-Spruce_Tests/Pods-Spruce_Tests.release.xcconfig"; sourceTree = "<group>"; };
		810EF25AEB3B66AF72D6DC08 /* Pods-Spruce_Example.debug.xcconfig */ = {isa = PBXFileReference; includeInIndex = 1; lastKnownFileType = text.xcconfig; name = "Pods-Spruce_Example.debug.xcconfig"; path = "Pods/Target Support Files/Pods-Spruce_Example/Pods-Spruce_Example.debug.xcconfig"; sourceTree = "<group>"; };
		9BBD82F6FE0594C3D30F57C4 /* Pods-Spruce-Example_Example.debug.xcconfig */ = {isa = PBXFileReference; includeInIndex = 1; lastKnownFileType = text.xcconfig; name = "Pods-Spruce-Example_Example.debug.xcconfig"; path = "Pods/Target Support Files/Pods-Spruce-Example_Example/Pods-Spruce-Example_Example.debug.xcconfig"; sourceTree = "<group>"; };
		B2337110612396DB2F78BDF5 /* Pods_Spruce_Example_Example.framework */ = {isa = PBXFileReference; explicitFileType = wrapper.framework; includeInIndex = 0; path = Pods_Spruce_Example_Example.framework; sourceTree = BUILT_PRODUCTS_DIR; };
		C37324974CAE1216DAA4FCF8 /* Pods-Spruce-Example_Tests.debug.xcconfig */ = {isa = PBXFileReference; includeInIndex = 1; lastKnownFileType = text.xcconfig; name = "Pods-Spruce-Example_Tests.debug.xcconfig"; path = "Pods/Target Support Files/Pods-Spruce-Example_Tests/Pods-Spruce-Example_Tests.debug.xcconfig"; sourceTree = "<group>"; };
		DB288B821E64860C0038B13E /* SpruceTableViewControllerExample.swift */ = {isa = PBXFileReference; fileEncoding = 4; lastKnownFileType = sourcecode.swift; name = SpruceTableViewControllerExample.swift; path = "Table View Example/SpruceTableViewControllerExample.swift"; sourceTree = "<group>"; };
		DB288B841E64861D0038B13E /* ExampleTableViewCells.swift */ = {isa = PBXFileReference; fileEncoding = 4; lastKnownFileType = sourcecode.swift; name = ExampleTableViewCells.swift; path = "Table View Example/ExampleTableViewCells.swift"; sourceTree = "<group>"; };
		DB288B871E64863B0038B13E /* SpruceTableViewControllerExample.xib */ = {isa = PBXFileReference; fileEncoding = 4; lastKnownFileType = file.xib; name = SpruceTableViewControllerExample.xib; path = "Table View Example/Resources/SpruceTableViewControllerExample.xib"; sourceTree = "<group>"; };
		DB288B891E64864B0038B13E /* BaseExampleTableViewCell.xib */ = {isa = PBXFileReference; fileEncoding = 4; lastKnownFileType = file.xib; name = BaseExampleTableViewCell.xib; path = "Table View Example/Resources/BaseExampleTableViewCell.xib"; sourceTree = "<group>"; };
		DB288B8B1E64A67B0038B13E /* ImageExampleTableViewCell.xib */ = {isa = PBXFileReference; fileEncoding = 4; lastKnownFileType = file.xib; name = ImageExampleTableViewCell.xib; path = "Table View Example/Resources/ImageExampleTableViewCell.xib"; sourceTree = "<group>"; };
		DB288B8E1E64D49A0038B13E /* SpruceCollectionViewExample.swift */ = {isa = PBXFileReference; fileEncoding = 4; lastKnownFileType = sourcecode.swift; name = SpruceCollectionViewExample.swift; path = "Collection View Example/SpruceCollectionViewExample.swift"; sourceTree = "<group>"; };
		DB288B901E65BC370038B13E /* BaseExampleCollectionViewCell.xib */ = {isa = PBXFileReference; fileEncoding = 4; lastKnownFileType = file.xib; name = BaseExampleCollectionViewCell.xib; path = "Collection View Example/Resources/BaseExampleCollectionViewCell.xib"; sourceTree = "<group>"; };
		DB288B931E65BD530038B13E /* BaseExampleCollectionViewCell.swift */ = {isa = PBXFileReference; fileEncoding = 4; lastKnownFileType = sourcecode.swift; name = BaseExampleCollectionViewCell.swift; path = "Collection View Example/BaseExampleCollectionViewCell.swift"; sourceTree = "<group>"; };
		DB288B951E65BD8F0038B13E /* SpruceCollectionViewExample.xib */ = {isa = PBXFileReference; fileEncoding = 4; lastKnownFileType = file.xib; name = SpruceCollectionViewExample.xib; path = "Collection View Example/Resources/SpruceCollectionViewExample.xib"; sourceTree = "<group>"; };
		DB288B9B1E65E1220038B13E /* ExampleViewController.swift */ = {isa = PBXFileReference; fileEncoding = 4; lastKnownFileType = sourcecode.swift; path = ExampleViewController.swift; sourceTree = "<group>"; };
		DB9357E51DFB026400ADC5BE /* CustomAnimationViewController.swift */ = {isa = PBXFileReference; fileEncoding = 4; lastKnownFileType = sourcecode.swift; lineEnding = 0; path = CustomAnimationViewController.swift; sourceTree = "<group>"; xcLanguageSpecificationIdentifier = xcode.lang.swift; };
		DBA608D31E3267B9006207C9 /* Theme.swift */ = {isa = PBXFileReference; fileEncoding = 4; lastKnownFileType = sourcecode.swift; path = Theme.swift; sourceTree = "<group>"; };
		DBFA709B1E5F39AE000CF1DB /* ExampleCodeGenerator.swift */ = {isa = PBXFileReference; fileEncoding = 4; lastKnownFileType = sourcecode.swift; path = ExampleCodeGenerator.swift; sourceTree = "<group>"; };
		EAE055DACABD01C7D5403864 /* Pods_Spruce_Example_Tests.framework */ = {isa = PBXFileReference; explicitFileType = wrapper.framework; includeInIndex = 0; path = Pods_Spruce_Example_Tests.framework; sourceTree = BUILT_PRODUCTS_DIR; };
		F4D59F4B84B3E292C02F5FD8 /* LICENSE */ = {isa = PBXFileReference; includeInIndex = 1; lastKnownFileType = text; name = LICENSE; path = ../LICENSE; sourceTree = "<group>"; };
/* End PBXFileReference section */

/* Begin PBXFrameworksBuildPhase section */
		607FACCD1AFB9204008FA782 /* Frameworks */ = {
			isa = PBXFrameworksBuildPhase;
			buildActionMask = 2147483647;
			files = (
				7DA90D04C29AC4C87FBBEACC /* Pods_Spruce_Example_Example.framework in Frameworks */,
			);
			runOnlyForDeploymentPostprocessing = 0;
		};
		607FACE21AFB9204008FA782 /* Frameworks */ = {
			isa = PBXFrameworksBuildPhase;
			buildActionMask = 2147483647;
			files = (
				02DD10118CA54D984DB1B059 /* Pods_Spruce_Example_Tests.framework in Frameworks */,
			);
			runOnlyForDeploymentPostprocessing = 0;
		};
/* End PBXFrameworksBuildPhase section */

/* Begin PBXGroup section */
		541F222EA2BCC4929E2C93E6 /* Pods */ = {
			isa = PBXGroup;
			children = (
				810EF25AEB3B66AF72D6DC08 /* Pods-Spruce_Example.debug.xcconfig */,
				180431F59A6BB6C1511A5258 /* Pods-Spruce_Example.release.xcconfig */,
				6C04A6F7ABEF198F183B1617 /* Pods-Spruce_Tests.debug.xcconfig */,
				763FD0B1F1E8374A748D0636 /* Pods-Spruce_Tests.release.xcconfig */,
				9BBD82F6FE0594C3D30F57C4 /* Pods-Spruce-Example_Example.debug.xcconfig */,
				39ACE0E6A7B32E6E64060E60 /* Pods-Spruce-Example_Example.release.xcconfig */,
				C37324974CAE1216DAA4FCF8 /* Pods-Spruce-Example_Tests.debug.xcconfig */,
				33D8FDE93C9D1B53FDC1D032 /* Pods-Spruce-Example_Tests.release.xcconfig */,
			);
			name = Pods;
			sourceTree = "<group>";
		};
		607FACC71AFB9204008FA782 = {
			isa = PBXGroup;
			children = (
				607FACF51AFB993E008FA782 /* Podspec Metadata */,
				607FACD21AFB9204008FA782 /* Example for Spruce */,
				607FACE81AFB9204008FA782 /* Tests */,
				607FACD11AFB9204008FA782 /* Products */,
				541F222EA2BCC4929E2C93E6 /* Pods */,
				EE518578DA1F211845F05455 /* Frameworks */,
			);
			sourceTree = "<group>";
		};
		607FACD11AFB9204008FA782 /* Products */ = {
			isa = PBXGroup;
			children = (
				607FACD01AFB9204008FA782 /* Spruce-Example_Example.app */,
				607FACE51AFB9204008FA782 /* Spruce-Example_Tests.xctest */,
			);
			name = Products;
			sourceTree = "<group>";
		};
		607FACD21AFB9204008FA782 /* Example for Spruce */ = {
			isa = PBXGroup;
			children = (
				607FACD51AFB9204008FA782 /* AppDelegate.swift */,
				DBA608D31E3267B9006207C9 /* Theme.swift */,
				DB9357F31DFB027800ADC5BE /* Sort Function Controller */,
				DB288B9B1E65E1220038B13E /* ExampleViewController.swift */,
				DB288B811E6485E90038B13E /* Table View Example */,
				DB288B8D1E64D47C0038B13E /* Collection View Example */,
				607FACDC1AFB9204008FA782 /* Images.xcassets */,
				607FACDE1AFB9204008FA782 /* LaunchScreen.xib */,
				607FACD31AFB9204008FA782 /* Supporting Files */,
			);
			name = "Example for Spruce";
			path = Spruce;
			sourceTree = "<group>";
		};
		607FACD31AFB9204008FA782 /* Supporting Files */ = {
			isa = PBXGroup;
			children = (
				607FACD41AFB9204008FA782 /* Info.plist */,
			);
			name = "Supporting Files";
			sourceTree = "<group>";
		};
		607FACE81AFB9204008FA782 /* Tests */ = {
			isa = PBXGroup;
			children = (
				607FACEB1AFB9204008FA782 /* Tests.swift */,
				607FACE91AFB9204008FA782 /* Supporting Files */,
			);
			path = Tests;
			sourceTree = "<group>";
		};
		607FACE91AFB9204008FA782 /* Supporting Files */ = {
			isa = PBXGroup;
			children = (
				607FACEA1AFB9204008FA782 /* Info.plist */,
			);
			name = "Supporting Files";
			sourceTree = "<group>";
		};
		607FACF51AFB993E008FA782 /* Podspec Metadata */ = {
			isa = PBXGroup;
			children = (
				6FCD75E68B76D05C1368631A /* Spruce.podspec */,
				1A7230AE9B3F14A5CD036320 /* README.md */,
				F4D59F4B84B3E292C02F5FD8 /* LICENSE */,
			);
			name = "Podspec Metadata";
			sourceTree = "<group>";
		};
		DB288B811E6485E90038B13E /* Table View Example */ = {
			isa = PBXGroup;
			children = (
				DB288B821E64860C0038B13E /* SpruceTableViewControllerExample.swift */,
				DB288B841E64861D0038B13E /* ExampleTableViewCells.swift */,
				DB288B861E6486210038B13E /* Resources */,
			);
			name = "Table View Example";
			sourceTree = "<group>";
		};
		DB288B861E6486210038B13E /* Resources */ = {
			isa = PBXGroup;
			children = (
				DB288B871E64863B0038B13E /* SpruceTableViewControllerExample.xib */,
				DB288B891E64864B0038B13E /* BaseExampleTableViewCell.xib */,
				DB288B8B1E64A67B0038B13E /* ImageExampleTableViewCell.xib */,
			);
			name = Resources;
			sourceTree = "<group>";
		};
		DB288B8D1E64D47C0038B13E /* Collection View Example */ = {
			isa = PBXGroup;
			children = (
				DB288B8E1E64D49A0038B13E /* SpruceCollectionViewExample.swift */,
				DB288B931E65BD530038B13E /* BaseExampleCollectionViewCell.swift */,
				DB288B921E65BC3B0038B13E /* Resources */,
			);
			name = "Collection View Example";
			sourceTree = "<group>";
		};
		DB288B921E65BC3B0038B13E /* Resources */ = {
			isa = PBXGroup;
			children = (
				DB288B951E65BD8F0038B13E /* SpruceCollectionViewExample.xib */,
				DB288B901E65BC370038B13E /* BaseExampleCollectionViewCell.xib */,
			);
			name = Resources;
			sourceTree = "<group>";
		};
		DB9357F31DFB027800ADC5BE /* Sort Function Controller */ = {
			isa = PBXGroup;
			children = (
				DB9357E51DFB026400ADC5BE /* CustomAnimationViewController.swift */,
				DBFA709B1E5F39AE000CF1DB /* ExampleCodeGenerator.swift */,
				321671371E0C75F8003E6A0B /* SortFunctionTestViewController.swift */,
				321671391E0C760F003E6A0B /* SortFunctionTestViewController.storyboard */,
			);
			name = "Sort Function Controller";
			sourceTree = "<group>";
		};
		EE518578DA1F211845F05455 /* Frameworks */ = {
			isa = PBXGroup;
			children = (
				B2337110612396DB2F78BDF5 /* Pods_Spruce_Example_Example.framework */,
				EAE055DACABD01C7D5403864 /* Pods_Spruce_Example_Tests.framework */,
			);
			name = Frameworks;
			sourceTree = "<group>";
		};
/* End PBXGroup section */

/* Begin PBXNativeTarget section */
		607FACCF1AFB9204008FA782 /* Spruce-Example_Example */ = {
			isa = PBXNativeTarget;
			buildConfigurationList = 607FACEF1AFB9204008FA782 /* Build configuration list for PBXNativeTarget "Spruce-Example_Example" */;
			buildPhases = (
				7E5EF7BD0477E292EED1C40A /* [CP] Check Pods Manifest.lock */,
				607FACCC1AFB9204008FA782 /* Sources */,
				607FACCD1AFB9204008FA782 /* Frameworks */,
				607FACCE1AFB9204008FA782 /* Resources */,
				C19B8AAEFD4E174686B43512 /* [CP] Embed Pods Frameworks */,
			);
			buildRules = (
			);
			dependencies = (
			);
			name = "Spruce-Example_Example";
			productName = Spruce;
			productReference = 607FACD01AFB9204008FA782 /* Spruce-Example_Example.app */;
			productType = "com.apple.product-type.application";
		};
		607FACE41AFB9204008FA782 /* Spruce-Example_Tests */ = {
			isa = PBXNativeTarget;
			buildConfigurationList = 607FACF21AFB9204008FA782 /* Build configuration list for PBXNativeTarget "Spruce-Example_Tests" */;
			buildPhases = (
				A6198F741EA712B9FBA222FE /* [CP] Check Pods Manifest.lock */,
				607FACE11AFB9204008FA782 /* Sources */,
				607FACE21AFB9204008FA782 /* Frameworks */,
				607FACE31AFB9204008FA782 /* Resources */,
			);
			buildRules = (
			);
			dependencies = (
				607FACE71AFB9204008FA782 /* PBXTargetDependency */,
			);
			name = "Spruce-Example_Tests";
			productName = Tests;
			productReference = 607FACE51AFB9204008FA782 /* Spruce-Example_Tests.xctest */;
			productType = "com.apple.product-type.bundle.unit-test";
		};
/* End PBXNativeTarget section */

/* Begin PBXProject section */
		607FACC81AFB9204008FA782 /* Project object */ = {
			isa = PBXProject;
			attributes = {
				LastSwiftUpdateCheck = 0720;
				LastUpgradeCheck = 0810;
				ORGANIZATIONNAME = CocoaPods;
				TargetAttributes = {
					607FACCF1AFB9204008FA782 = {
						CreatedOnToolsVersion = 6.3.1;
						LastSwiftMigration = 0810;
					};
					607FACE41AFB9204008FA782 = {
						CreatedOnToolsVersion = 6.3.1;
						LastSwiftMigration = 0810;
						TestTargetID = 607FACCF1AFB9204008FA782;
					};
				};
			};
			buildConfigurationList = 607FACCB1AFB9204008FA782 /* Build configuration list for PBXProject "Spruce-Example" */;
			compatibilityVersion = "Xcode 3.2";
			developmentRegion = English;
			hasScannedForEncodings = 0;
			knownRegions = (
				English,
				en,
				Base,
			);
			mainGroup = 607FACC71AFB9204008FA782;
			productRefGroup = 607FACD11AFB9204008FA782 /* Products */;
			projectDirPath = "";
			projectRoot = "";
			targets = (
				607FACCF1AFB9204008FA782 /* Spruce-Example_Example */,
				607FACE41AFB9204008FA782 /* Spruce-Example_Tests */,
			);
		};
/* End PBXProject section */

/* Begin PBXResourcesBuildPhase section */
		607FACCE1AFB9204008FA782 /* Resources */ = {
			isa = PBXResourcesBuildPhase;
			buildActionMask = 2147483647;
			files = (
				DB288B911E65BC370038B13E /* BaseExampleCollectionViewCell.xib in Resources */,
				3216713A1E0C760F003E6A0B /* SortFunctionTestViewController.storyboard in Resources */,
				607FACE01AFB9204008FA782 /* LaunchScreen.xib in Resources */,
				DB288B8C1E64A67B0038B13E /* ImageExampleTableViewCell.xib in Resources */,
				DB288B8A1E64864B0038B13E /* BaseExampleTableViewCell.xib in Resources */,
				DB288B961E65BD8F0038B13E /* SpruceCollectionViewExample.xib in Resources */,
				DB288B881E64863B0038B13E /* SpruceTableViewControllerExample.xib in Resources */,
				607FACDD1AFB9204008FA782 /* Images.xcassets in Resources */,
			);
			runOnlyForDeploymentPostprocessing = 0;
		};
		607FACE31AFB9204008FA782 /* Resources */ = {
			isa = PBXResourcesBuildPhase;
			buildActionMask = 2147483647;
			files = (
			);
			runOnlyForDeploymentPostprocessing = 0;
		};
/* End PBXResourcesBuildPhase section */

/* Begin PBXShellScriptBuildPhase section */
		7E5EF7BD0477E292EED1C40A /* [CP] Check Pods Manifest.lock */ = {
			isa = PBXShellScriptBuildPhase;
			buildActionMask = 2147483647;
			files = (
			);
			inputPaths = (
				"${PODS_PODFILE_DIR_PATH}/Podfile.lock",
				"${PODS_ROOT}/Manifest.lock",
			);
			name = "[CP] Check Pods Manifest.lock";
			outputPaths = (
				"$(DERIVED_FILE_DIR)/Pods-Spruce-Example_Example-checkManifestLockResult.txt",
			);
			runOnlyForDeploymentPostprocessing = 0;
			shellPath = /bin/sh;
			shellScript = "diff \"${PODS_PODFILE_DIR_PATH}/Podfile.lock\" \"${PODS_ROOT}/Manifest.lock\" > /dev/null\nif [ $? != 0 ] ; then\n    # print error to STDERR\n    echo \"error: The sandbox is not in sync with the Podfile.lock. Run 'pod install' or update your CocoaPods installation.\" >&2\n    exit 1\nfi\n# This output is used by Xcode 'outputs' to avoid re-running this script phase.\necho \"SUCCESS\" > \"${SCRIPT_OUTPUT_FILE_0}\"\n";
			showEnvVarsInLog = 0;
		};
		A6198F741EA712B9FBA222FE /* [CP] Check Pods Manifest.lock */ = {
			isa = PBXShellScriptBuildPhase;
			buildActionMask = 2147483647;
			files = (
			);
			inputPaths = (
				"${PODS_PODFILE_DIR_PATH}/Podfile.lock",
				"${PODS_ROOT}/Manifest.lock",
			);
			name = "[CP] Check Pods Manifest.lock";
			outputPaths = (
				"$(DERIVED_FILE_DIR)/Pods-Spruce-Example_Tests-checkManifestLockResult.txt",
			);
			runOnlyForDeploymentPostprocessing = 0;
			shellPath = /bin/sh;
			shellScript = "diff \"${PODS_PODFILE_DIR_PATH}/Podfile.lock\" \"${PODS_ROOT}/Manifest.lock\" > /dev/null\nif [ $? != 0 ] ; then\n    # print error to STDERR\n    echo \"error: The sandbox is not in sync with the Podfile.lock. Run 'pod install' or update your CocoaPods installation.\" >&2\n    exit 1\nfi\n# This output is used by Xcode 'outputs' to avoid re-running this script phase.\necho \"SUCCESS\" > \"${SCRIPT_OUTPUT_FILE_0}\"\n";
			showEnvVarsInLog = 0;
		};
		C19B8AAEFD4E174686B43512 /* [CP] Embed Pods Frameworks */ = {
			isa = PBXShellScriptBuildPhase;
			buildActionMask = 2147483647;
			files = (
			);
			inputPaths = (
				"${PODS_ROOT}/Target Support Files/Pods-Spruce-Example_Example/Pods-Spruce-Example_Example-frameworks.sh",
				"${BUILT_PRODUCTS_DIR}/Spruce/Spruce.framework",
			);
			name = "[CP] Embed Pods Frameworks";
			outputPaths = (
				"${TARGET_BUILD_DIR}/${FRAMEWORKS_FOLDER_PATH}/Spruce.framework",
			);
			runOnlyForDeploymentPostprocessing = 0;
			shellPath = /bin/sh;
			shellScript = "\"${PODS_ROOT}/Target Support Files/Pods-Spruce-Example_Example/Pods-Spruce-Example_Example-frameworks.sh\"\n";
			showEnvVarsInLog = 0;
		};
/* End PBXShellScriptBuildPhase section */

/* Begin PBXSourcesBuildPhase section */
		607FACCC1AFB9204008FA782 /* Sources */ = {
			isa = PBXSourcesBuildPhase;
			buildActionMask = 2147483647;
			files = (
				DB288B831E64860C0038B13E /* SpruceTableViewControllerExample.swift in Sources */,
				DBFA709C1E5F39AE000CF1DB /* ExampleCodeGenerator.swift in Sources */,
				DB9357EE1DFB026400ADC5BE /* CustomAnimationViewController.swift in Sources */,
				DB288B8F1E64D49A0038B13E /* SpruceCollectionViewExample.swift in Sources */,
				DBA608D41E3267B9006207C9 /* Theme.swift in Sources */,
				DB288B941E65BD530038B13E /* BaseExampleCollectionViewCell.swift in Sources */,
				607FACD61AFB9204008FA782 /* AppDelegate.swift in Sources */,
				321671381E0C75F8003E6A0B /* SortFunctionTestViewController.swift in Sources */,
				DB288B851E64861D0038B13E /* ExampleTableViewCells.swift in Sources */,
				DB288B9C1E65E1220038B13E /* ExampleViewController.swift in Sources */,
			);
			runOnlyForDeploymentPostprocessing = 0;
		};
		607FACE11AFB9204008FA782 /* Sources */ = {
			isa = PBXSourcesBuildPhase;
			buildActionMask = 2147483647;
			files = (
				607FACEC1AFB9204008FA782 /* Tests.swift in Sources */,
			);
			runOnlyForDeploymentPostprocessing = 0;
		};
/* End PBXSourcesBuildPhase section */

/* Begin PBXTargetDependency section */
		607FACE71AFB9204008FA782 /* PBXTargetDependency */ = {
			isa = PBXTargetDependency;
			target = 607FACCF1AFB9204008FA782 /* Spruce-Example_Example */;
			targetProxy = 607FACE61AFB9204008FA782 /* PBXContainerItemProxy */;
		};
/* End PBXTargetDependency section */

/* Begin PBXVariantGroup section */
		607FACDE1AFB9204008FA782 /* LaunchScreen.xib */ = {
			isa = PBXVariantGroup;
			children = (
				607FACDF1AFB9204008FA782 /* Base */,
			);
			name = LaunchScreen.xib;
			sourceTree = "<group>";
		};
/* End PBXVariantGroup section */

/* Begin XCBuildConfiguration section */
		607FACED1AFB9204008FA782 /* Debug */ = {
			isa = XCBuildConfiguration;
			buildSettings = {
				ALWAYS_SEARCH_USER_PATHS = NO;
				CLANG_CXX_LANGUAGE_STANDARD = "gnu++0x";
				CLANG_CXX_LIBRARY = "libc++";
				CLANG_ENABLE_MODULES = YES;
				CLANG_ENABLE_OBJC_ARC = YES;
				CLANG_WARN_BOOL_CONVERSION = YES;
				CLANG_WARN_CONSTANT_CONVERSION = YES;
				CLANG_WARN_DIRECT_OBJC_ISA_USAGE = YES_ERROR;
				CLANG_WARN_EMPTY_BODY = YES;
				CLANG_WARN_ENUM_CONVERSION = YES;
				CLANG_WARN_INFINITE_RECURSION = YES;
				CLANG_WARN_INT_CONVERSION = YES;
				CLANG_WARN_OBJC_ROOT_CLASS = YES_ERROR;
				CLANG_WARN_SUSPICIOUS_MOVE = YES;
				CLANG_WARN_UNREACHABLE_CODE = YES;
				CLANG_WARN__DUPLICATE_METHOD_MATCH = YES;
				"CODE_SIGN_IDENTITY[sdk=iphoneos*]" = "iPhone Developer";
				COPY_PHASE_STRIP = NO;
				DEBUG_INFORMATION_FORMAT = "dwarf-with-dsym";
				ENABLE_STRICT_OBJC_MSGSEND = YES;
				ENABLE_TESTABILITY = YES;
				GCC_C_LANGUAGE_STANDARD = gnu99;
				GCC_DYNAMIC_NO_PIC = NO;
				GCC_NO_COMMON_BLOCKS = YES;
				GCC_OPTIMIZATION_LEVEL = 0;
				GCC_PREPROCESSOR_DEFINITIONS = (
					"DEBUG=1",
					"$(inherited)",
				);
				GCC_SYMBOLS_PRIVATE_EXTERN = NO;
				GCC_WARN_64_TO_32_BIT_CONVERSION = YES;
				GCC_WARN_ABOUT_RETURN_TYPE = YES_ERROR;
				GCC_WARN_UNDECLARED_SELECTOR = YES;
				GCC_WARN_UNINITIALIZED_AUTOS = YES_AGGRESSIVE;
				GCC_WARN_UNUSED_FUNCTION = YES;
				GCC_WARN_UNUSED_VARIABLE = YES;
				IPHONEOS_DEPLOYMENT_TARGET = 12.2;
				MTL_ENABLE_DEBUG_INFO = YES;
				ONLY_ACTIVE_ARCH = YES;
				SDKROOT = iphoneos;
				SWIFT_OPTIMIZATION_LEVEL = "-Onone";
				SWIFT_VERSION = 5.0;
			};
			name = Debug;
		};
		607FACEE1AFB9204008FA782 /* Release */ = {
			isa = XCBuildConfiguration;
			buildSettings = {
				ALWAYS_SEARCH_USER_PATHS = NO;
				CLANG_CXX_LANGUAGE_STANDARD = "gnu++0x";
				CLANG_CXX_LIBRARY = "libc++";
				CLANG_ENABLE_MODULES = YES;
				CLANG_ENABLE_OBJC_ARC = YES;
				CLANG_WARN_BOOL_CONVERSION = YES;
				CLANG_WARN_CONSTANT_CONVERSION = YES;
				CLANG_WARN_DIRECT_OBJC_ISA_USAGE = YES_ERROR;
				CLANG_WARN_EMPTY_BODY = YES;
				CLANG_WARN_ENUM_CONVERSION = YES;
				CLANG_WARN_INFINITE_RECURSION = YES;
				CLANG_WARN_INT_CONVERSION = YES;
				CLANG_WARN_OBJC_ROOT_CLASS = YES_ERROR;
				CLANG_WARN_SUSPICIOUS_MOVE = YES;
				CLANG_WARN_UNREACHABLE_CODE = YES;
				CLANG_WARN__DUPLICATE_METHOD_MATCH = YES;
				"CODE_SIGN_IDENTITY[sdk=iphoneos*]" = "iPhone Developer";
				COPY_PHASE_STRIP = NO;
				DEBUG_INFORMATION_FORMAT = "dwarf-with-dsym";
				ENABLE_NS_ASSERTIONS = NO;
				ENABLE_STRICT_OBJC_MSGSEND = YES;
				GCC_C_LANGUAGE_STANDARD = gnu99;
				GCC_NO_COMMON_BLOCKS = YES;
				GCC_WARN_64_TO_32_BIT_CONVERSION = YES;
				GCC_WARN_ABOUT_RETURN_TYPE = YES_ERROR;
				GCC_WARN_UNDECLARED_SELECTOR = YES;
				GCC_WARN_UNINITIALIZED_AUTOS = YES_AGGRESSIVE;
				GCC_WARN_UNUSED_FUNCTION = YES;
				GCC_WARN_UNUSED_VARIABLE = YES;
				IPHONEOS_DEPLOYMENT_TARGET = 12.2;
				MTL_ENABLE_DEBUG_INFO = NO;
				SDKROOT = iphoneos;
				SWIFT_OPTIMIZATION_LEVEL = "-Owholemodule";
				SWIFT_VERSION = 5.0;
				VALIDATE_PRODUCT = YES;
			};
			name = Release;
		};
		607FACF01AFB9204008FA782 /* Debug */ = {
			isa = XCBuildConfiguration;
			baseConfigurationReference = 9BBD82F6FE0594C3D30F57C4 /* Pods-Spruce-Example_Example.debug.xcconfig */;
			buildSettings = {
				ASSETCATALOG_COMPILER_APPICON_NAME = AppIcon;
				DEVELOPMENT_TEAM = "";
				INFOPLIST_FILE = Spruce/Info.plist;
				IPHONEOS_DEPLOYMENT_TARGET = 12.2;
				LD_RUNPATH_SEARCH_PATHS = "$(inherited) @executable_path/Frameworks";
				MODULE_NAME = ExampleApp;
				PRODUCT_BUNDLE_IDENTIFIER = "com.willowtree.Spruce-Example";
				PRODUCT_NAME = "$(TARGET_NAME)";
				TARGETED_DEVICE_FAMILY = "1,2";
			};
			name = Debug;
		};
		607FACF11AFB9204008FA782 /* Release */ = {
			isa = XCBuildConfiguration;
			baseConfigurationReference = 39ACE0E6A7B32E6E64060E60 /* Pods-Spruce-Example_Example.release.xcconfig */;
			buildSettings = {
				ASSETCATALOG_COMPILER_APPICON_NAME = AppIcon;
				DEVELOPMENT_TEAM = "";
				INFOPLIST_FILE = Spruce/Info.plist;
				IPHONEOS_DEPLOYMENT_TARGET = 12.2;
				LD_RUNPATH_SEARCH_PATHS = "$(inherited) @executable_path/Frameworks";
				MODULE_NAME = ExampleApp;
				PRODUCT_BUNDLE_IDENTIFIER = "com.willowtree.Spruce-Example";
				PRODUCT_NAME = "$(TARGET_NAME)";
				TARGETED_DEVICE_FAMILY = "1,2";
			};
			name = Release;
		};
		607FACF31AFB9204008FA782 /* Debug */ = {
			isa = XCBuildConfiguration;
			baseConfigurationReference = C37324974CAE1216DAA4FCF8 /* Pods-Spruce-Example_Tests.debug.xcconfig */;
			buildSettings = {
				DEVELOPMENT_TEAM = "";
				FRAMEWORK_SEARCH_PATHS = (
					"$(SDKROOT)/Developer/Library/Frameworks",
					"$(inherited)",
				);
				GCC_PREPROCESSOR_DEFINITIONS = (
					"DEBUG=1",
					"$(inherited)",
				);
				INFOPLIST_FILE = Tests/Info.plist;
				LD_RUNPATH_SEARCH_PATHS = "$(inherited) @executable_path/Frameworks @loader_path/Frameworks";
				PRODUCT_BUNDLE_IDENTIFIER = "org.cocoapods.$(PRODUCT_NAME:rfc1034identifier)";
				PRODUCT_NAME = "$(TARGET_NAME)";
			};
			name = Debug;
		};
		607FACF41AFB9204008FA782 /* Release */ = {
			isa = XCBuildConfiguration;
			baseConfigurationReference = 33D8FDE93C9D1B53FDC1D032 /* Pods-Spruce-Example_Tests.release.xcconfig */;
			buildSettings = {
				DEVELOPMENT_TEAM = "";
				FRAMEWORK_SEARCH_PATHS = (
					"$(SDKROOT)/Developer/Library/Frameworks",
					"$(inherited)",
				);
				INFOPLIST_FILE = Tests/Info.plist;
				LD_RUNPATH_SEARCH_PATHS = "$(inherited) @executable_path/Frameworks @loader_path/Frameworks";
				PRODUCT_BUNDLE_IDENTIFIER = "org.cocoapods.$(PRODUCT_NAME:rfc1034identifier)";
				PRODUCT_NAME = "$(TARGET_NAME)";
			};
			name = Release;
		};
/* End XCBuildConfiguration section */

/* Begin XCConfigurationList section */
		607FACCB1AFB9204008FA782 /* Build configuration list for PBXProject "Spruce-Example" */ = {
			isa = XCConfigurationList;
			buildConfigurations = (
				607FACED1AFB9204008FA782 /* Debug */,
				607FACEE1AFB9204008FA782 /* Release */,
			);
			defaultConfigurationIsVisible = 0;
			defaultConfigurationName = Release;
		};
		607FACEF1AFB9204008FA782 /* Build configuration list for PBXNativeTarget "Spruce-Example_Example" */ = {
			isa = XCConfigurationList;
			buildConfigurations = (
				607FACF01AFB9204008FA782 /* Debug */,
				607FACF11AFB9204008FA782 /* Release */,
			);
			defaultConfigurationIsVisible = 0;
			defaultConfigurationName = Release;
		};
		607FACF21AFB9204008FA782 /* Build configuration list for PBXNativeTarget "Spruce-Example_Tests" */ = {
			isa = XCConfigurationList;
			buildConfigurations = (
				607FACF31AFB9204008FA782 /* Debug */,
				607FACF41AFB9204008FA782 /* Release */,
			);
			defaultConfigurationIsVisible = 0;
			defaultConfigurationName = Release;
		};
/* End XCConfigurationList section */
	};
	rootObject = 607FACC81AFB9204008FA782 /* Project object */;
}
